
Microsoft Visual Studio Solution File, Format Version 12.00
# Visual Studio Version 17
VisualStudioVersion = 17.0.31903.59
MinimumVisualStudioVersion = 10.0.40219.1
Project("{FAE04EC0-301F-11D3-BF4B-00C04F79EFBC}") = "NialoTools", "NialoTools\NialoTools.csproj", "{8BDE3CA1-E700-46B6-846B-EE3AC5573630}"
EndProject
Global
	GlobalSection(SolutionConfigurationPlatforms) = preSolution
		Debug|Any CPU = Debug|Any CPU
		Release|Any CPU = Release|Any CPU
	EndGlobalSection
	GlobalSection(SolutionProperties) = preSolution
		HideSolutionNode = FALSE
	EndGlobalSection
	GlobalSection(ProjectConfigurationPlatforms) = postSolution
		{8BDE3CA1-E700-46B6-846B-EE3AC5573630}.Debug|Any CPU.ActiveCfg = Debug|Any CPU
		{8BDE3CA1-E700-46B6-846B-EE3AC5573630}.Debug|Any CPU.Build.0 = Debug|Any CPU
		{8BDE3CA1-E700-46B6-846B-EE3AC5573630}.Release|Any CPU.ActiveCfg = Release|Any CPU
		{8BDE3CA1-E700-46B6-846B-EE3AC5573630}.Release|Any CPU.Build.0 = Release|Any CPU
	EndGlobalSection
EndGlobal
